
Microsoft Visual Studio Solution File, Format Version 12.00
Project("{2150E333-8FDC-42A3-9474-1A3956D46DE8}") = "Project Files", "Project Files", "{C82BBD5A-6E3A-4913-BE20-27069134AE3F}"
ProjectSection(SolutionItems) = preProject
	README.md = README.md
	.gitignore = .gitignore
	Build.Directory.props = Build.Directory.props
EndProjectSection
EndProject
Project("{F2A71F9B-5D33-465A-A702-920D77279786}") = "Geometry", "Geometry\Geometry.fsproj", "{90C0C281-8D44-438E-9914-83D91E297080}"
EndProject
Project("{F2A71F9B-5D33-465A-A702-920D77279786}") = "GeometryTests", "GeometryTests\GeometryTests.fsproj", "{DA99EA17-995B-4A49-8C77-9C26565AE5F6}"
EndProject
Global
	GlobalSection(SolutionConfigurationPlatforms) = preSolution
		Debug|Any CPU = Debug|Any CPU
		Release|Any CPU = Release|Any CPU
	EndGlobalSection
	GlobalSection(ProjectConfigurationPlatforms) = postSolution
		{90C0C281-8D44-438E-9914-83D91E297080}.Debug|Any CPU.ActiveCfg = Debug|Any CPU
		{90C0C281-8D44-438E-9914-83D91E297080}.Debug|Any CPU.Build.0 = Debug|Any CPU
		{90C0C281-8D44-438E-9914-83D91E297080}.Release|Any CPU.ActiveCfg = Release|Any CPU
		{90C0C281-8D44-438E-9914-83D91E297080}.Release|Any CPU.Build.0 = Release|Any CPU
		{DA99EA17-995B-4A49-8C77-9C26565AE5F6}.Debug|Any CPU.ActiveCfg = Debug|Any CPU
		{DA99EA17-995B-4A49-8C77-9C26565AE5F6}.Debug|Any CPU.Build.0 = Debug|Any CPU
		{DA99EA17-995B-4A49-8C77-9C26565AE5F6}.Release|Any CPU.ActiveCfg = Release|Any CPU
		{DA99EA17-995B-4A49-8C77-9C26565AE5F6}.Release|Any CPU.Build.0 = Release|Any CPU
	EndGlobalSection
	GlobalSection(NestedProjects) = preSolution
	EndGlobalSection
EndGlobal
